
Microsoft Visual Studio Solution File, Format Version 12.00
# Visual Studio 15
VisualStudioVersion = 15.0.28307.106
MinimumVisualStudioVersion = 10.0.40219.1
Project("{FAE04EC0-301F-11D3-BF4B-00C04F79EFBC}") = "ConsumWebsite", "ConsumWebsite\ConsumWebsite.csproj", "{81FA4B7A-9E50-4B5F-BD8A-9FFC721CFB8E}"
EndProject
Global
	GlobalSection(SolutionConfigurationPlatforms) = preSolution
		Debug|Any CPU = Debug|Any CPU
		Release|Any CPU = Release|Any CPU
	EndGlobalSection
	GlobalSection(ProjectConfigurationPlatforms) = postSolution
		{81FA4B7A-9E50-4B5F-BD8A-9FFC721CFB8E}.Debug|Any CPU.ActiveCfg = Debug|Any CPU
		{81FA4B7A-9E50-4B5F-BD8A-9FFC721CFB8E}.Debug|Any CPU.Build.0 = Debug|Any CPU
		{81FA4B7A-9E50-4B5F-BD8A-9FFC721CFB8E}.Release|Any CPU.ActiveCfg = Release|Any CPU
		{81FA4B7A-9E50-4B5F-BD8A-9FFC721CFB8E}.Release|Any CPU.Build.0 = Release|Any CPU
	EndGlobalSection
	GlobalSection(SolutionProperties) = preSolution
		HideSolutionNode = FALSE
	EndGlobalSection
	GlobalSection(ExtensibilityGlobals) = postSolution
		SolutionGuid = {9137D665-2613-437F-85C4-7BE6FEE4E359}
	EndGlobalSection
EndGlobal
